
Microsoft Visual Studio Solution File, Format Version 12.00
# Visual Studio 15
VisualStudioVersion = 15.0.27130.2036
MinimumVisualStudioVersion = 10.0.40219.1
Project("{FAE04EC0-301F-11D3-BF4B-00C04F79EFBC}") = "Lab1", "Lab1\Lab1.csproj", "{C4A3D256-0A14-4711-A1BD-A3D7563C4326}"
EndProject
Project("{FAE04EC0-301F-11D3-BF4B-00C04F79EFBC}") = "Lab2", "Lab2\Lab2.csproj", "{F43CAD30-3236-434D-9694-29BE499C58C1}"
EndProject
Project("{FAE04EC0-301F-11D3-BF4B-00C04F79EFBC}") = "Lab3", "Lab3\Lab3.csproj", "{921D16FB-FB55-4DAD-8C5B-8D383A925E35}"
EndProject
Project("{FAE04EC0-301F-11D3-BF4B-00C04F79EFBC}") = "Lab4", "Lab4\Lab4.csproj", "{70E4CA91-5019-44EE-A662-88E7DF2D93CF}"
EndProject
Project("{FAE04EC0-301F-11D3-BF4B-00C04F79EFBC}") = "Lab5", "Lab5\Lab5.csproj", "{0BA78994-0E8D-4CED-B4A0-0908104D9485}"
EndProject
Project("{FAE04EC0-301F-11D3-BF4B-00C04F79EFBC}") = "Lab6", "Lab6\Lab6.csproj", "{40850D42-8636-4C6A-91FF-5234E6B97175}"
EndProject
Global
	GlobalSection(SolutionConfigurationPlatforms) = preSolution
		Debug|Any CPU = Debug|Any CPU
		Debug|ARM = Debug|ARM
		Debug|x64 = Debug|x64
		Debug|x86 = Debug|x86
		Release|Any CPU = Release|Any CPU
		Release|ARM = Release|ARM
		Release|x64 = Release|x64
		Release|x86 = Release|x86
	EndGlobalSection
	GlobalSection(ProjectConfigurationPlatforms) = postSolution
		{C4A3D256-0A14-4711-A1BD-A3D7563C4326}.Debug|Any CPU.ActiveCfg = Debug|Any CPU
		{C4A3D256-0A14-4711-A1BD-A3D7563C4326}.Debug|Any CPU.Build.0 = Debug|Any CPU
		{C4A3D256-0A14-4711-A1BD-A3D7563C4326}.Debug|ARM.ActiveCfg = Debug|Any CPU
		{C4A3D256-0A14-4711-A1BD-A3D7563C4326}.Debug|ARM.Build.0 = Debug|Any CPU
		{C4A3D256-0A14-4711-A1BD-A3D7563C4326}.Debug|x64.ActiveCfg = Debug|Any CPU
		{C4A3D256-0A14-4711-A1BD-A3D7563C4326}.Debug|x64.Build.0 = Debug|Any CPU
		{C4A3D256-0A14-4711-A1BD-A3D7563C4326}.Debug|x86.ActiveCfg = Debug|Any CPU
		{C4A3D256-0A14-4711-A1BD-A3D7563C4326}.Debug|x86.Build.0 = Debug|Any CPU
		{C4A3D256-0A14-4711-A1BD-A3D7563C4326}.Release|Any CPU.ActiveCfg = Release|Any CPU
		{C4A3D256-0A14-4711-A1BD-A3D7563C4326}.Release|Any CPU.Build.0 = Release|Any CPU
		{C4A3D256-0A14-4711-A1BD-A3D7563C4326}.Release|ARM.ActiveCfg = Release|Any CPU
		{C4A3D256-0A14-4711-A1BD-A3D7563C4326}.Release|ARM.Build.0 = Release|Any CPU
		{C4A3D256-0A14-4711-A1BD-A3D7563C4326}.Release|x64.ActiveCfg = Release|Any CPU
		{C4A3D256-0A14-4711-A1BD-A3D7563C4326}.Release|x64.Build.0 = Release|Any CPU
		{C4A3D256-0A14-4711-A1BD-A3D7563C4326}.Release|x86.ActiveCfg = Release|Any CPU
		{C4A3D256-0A14-4711-A1BD-A3D7563C4326}.Release|x86.Build.0 = Release|Any CPU
		{F43CAD30-3236-434D-9694-29BE499C58C1}.Debug|Any CPU.ActiveCfg = Debug|Any CPU
		{F43CAD30-3236-434D-9694-29BE499C58C1}.Debug|Any CPU.Build.0 = Debug|Any CPU
		{F43CAD30-3236-434D-9694-29BE499C58C1}.Debug|ARM.ActiveCfg = Debug|Any CPU
		{F43CAD30-3236-434D-9694-29BE499C58C1}.Debug|ARM.Build.0 = Debug|Any CPU
		{F43CAD30-3236-434D-9694-29BE499C58C1}.Debug|x64.ActiveCfg = Debug|Any CPU
		{F43CAD30-3236-434D-9694-29BE499C58C1}.Debug|x64.Build.0 = Debug|Any CPU
		{F43CAD30-3236-434D-9694-29BE499C58C1}.Debug|x86.ActiveCfg = Debug|Any CPU
		{F43CAD30-3236-434D-9694-29BE499C58C1}.Debug|x86.Build.0 = Debug|Any CPU
		{F43CAD30-3236-434D-9694-29BE499C58C1}.Release|Any CPU.ActiveCfg = Release|Any CPU
		{F43CAD30-3236-434D-9694-29BE499C58C1}.Release|Any CPU.Build.0 = Release|Any CPU
		{F43CAD30-3236-434D-9694-29BE499C58C1}.Release|ARM.ActiveCfg = Release|Any CPU
		{F43CAD30-3236-434D-9694-29BE499C58C1}.Release|ARM.Build.0 = Release|Any CPU
		{F43CAD30-3236-434D-9694-29BE499C58C1}.Release|x64.ActiveCfg = Release|Any CPU
		{F43CAD30-3236-434D-9694-29BE499C58C1}.Release|x64.Build.0 = Release|Any CPU
		{F43CAD30-3236-434D-9694-29BE499C58C1}.Release|x86.ActiveCfg = Release|Any CPU
		{F43CAD30-3236-434D-9694-29BE499C58C1}.Release|x86.Build.0 = Release|Any CPU
		{921D16FB-FB55-4DAD-8C5B-8D383A925E35}.Debug|Any CPU.ActiveCfg = Debug|Any CPU
		{921D16FB-FB55-4DAD-8C5B-8D383A925E35}.Debug|Any CPU.Build.0 = Debug|Any CPU
		{921D16FB-FB55-4DAD-8C5B-8D383A925E35}.Debug|ARM.ActiveCfg = Debug|Any CPU
		{921D16FB-FB55-4DAD-8C5B-8D383A925E35}.Debug|ARM.Build.0 = Debug|Any CPU
		{921D16FB-FB55-4DAD-8C5B-8D383A925E35}.Debug|x64.ActiveCfg = Debug|Any CPU
		{921D16FB-FB55-4DAD-8C5B-8D383A925E35}.Debug|x64.Build.0 = Debug|Any CPU
		{921D16FB-FB55-4DAD-8C5B-8D383A925E35}.Debug|x86.ActiveCfg = Debug|Any CPU
		{921D16FB-FB55-4DAD-8C5B-8D383A925E35}.Debug|x86.Build.0 = Debug|Any CPU
		{921D16FB-FB55-4DAD-8C5B-8D383A925E35}.Release|Any CPU.ActiveCfg = Release|Any CPU
		{921D16FB-FB55-4DAD-8C5B-8D383A925E35}.Release|Any CPU.Build.0 = Release|Any CPU
		{921D16FB-FB55-4DAD-8C5B-8D383A925E35}.Release|ARM.ActiveCfg = Release|Any CPU
		{921D16FB-FB55-4DAD-8C5B-8D383A925E35}.Release|ARM.Build.0 = Release|Any CPU
		{921D16FB-FB55-4DAD-8C5B-8D383A925E35}.Release|x64.ActiveCfg = Release|Any CPU
		{921D16FB-FB55-4DAD-8C5B-8D383A925E35}.Release|x64.Build.0 = Release|Any CPU
		{921D16FB-FB55-4DAD-8C5B-8D383A925E35}.Release|x86.ActiveCfg = Release|Any CPU
		{921D16FB-FB55-4DAD-8C5B-8D383A925E35}.Release|x86.Build.0 = Release|Any CPU
		{70E4CA91-5019-44EE-A662-88E7DF2D93CF}.Debug|Any CPU.ActiveCfg = Debug|Any CPU
		{70E4CA91-5019-44EE-A662-88E7DF2D93CF}.Debug|Any CPU.Build.0 = Debug|Any CPU
		{70E4CA91-5019-44EE-A662-88E7DF2D93CF}.Debug|ARM.ActiveCfg = Debug|Any CPU
		{70E4CA91-5019-44EE-A662-88E7DF2D93CF}.Debug|ARM.Build.0 = Debug|Any CPU
		{70E4CA91-5019-44EE-A662-88E7DF2D93CF}.Debug|x64.ActiveCfg = Debug|Any CPU
		{70E4CA91-5019-44EE-A662-88E7DF2D93CF}.Debug|x64.Build.0 = Debug|Any CPU
		{70E4CA91-5019-44EE-A662-88E7DF2D93CF}.Debug|x86.ActiveCfg = Debug|Any CPU
		{70E4CA91-5019-44EE-A662-88E7DF2D93CF}.Debug|x86.Build.0 = Debug|Any CPU
		{70E4CA91-5019-44EE-A662-88E7DF2D93CF}.Release|Any CPU.ActiveCfg = Release|Any CPU
		{70E4CA91-5019-44EE-A662-88E7DF2D93CF}.Release|Any CPU.Build.0 = Release|Any CPU
		{70E4CA91-5019-44EE-A662-88E7DF2D93CF}.Release|ARM.ActiveCfg = Release|Any CPU
		{70E4CA91-5019-44EE-A662-88E7DF2D93CF}.Release|ARM.Build.0 = Release|Any CPU
		{70E4CA91-5019-44EE-A662-88E7DF2D93CF}.Release|x64.ActiveCfg = Release|Any CPU
		{70E4CA91-5019-44EE-A662-88E7DF2D93CF}.Release|x64.Build.0 = Release|Any CPU
		{70E4CA91-5019-44EE-A662-88E7DF2D93CF}.Release|x86.ActiveCfg = Release|Any CPU
		{70E4CA91-5019-44EE-A662-88E7DF2D93CF}.Release|x86.Build.0 = Release|Any CPU
		{0BA78994-0E8D-4CED-B4A0-0908104D9485}.Debug|Any CPU.ActiveCfg = Debug|Any CPU
		{0BA78994-0E8D-4CED-B4A0-0908104D9485}.Debug|Any CPU.Build.0 = Debug|Any CPU
		{0BA78994-0E8D-4CED-B4A0-0908104D9485}.Debug|ARM.ActiveCfg = Debug|Any CPU
		{0BA78994-0E8D-4CED-B4A0-0908104D9485}.Debug|ARM.Build.0 = Debug|Any CPU
		{0BA78994-0E8D-4CED-B4A0-0908104D9485}.Debug|x64.ActiveCfg = Debug|Any CPU
		{0BA78994-0E8D-4CED-B4A0-0908104D9485}.Debug|x64.Build.0 = Debug|Any CPU
		{0BA78994-0E8D-4CED-B4A0-0908104D9485}.Debug|x86.ActiveCfg = Debug|Any CPU
		{0BA78994-0E8D-4CED-B4A0-0908104D9485}.Debug|x86.Build.0 = Debug|Any CPU
		{0BA78994-0E8D-4CED-B4A0-0908104D9485}.Release|Any CPU.ActiveCfg = Release|Any CPU
		{0BA78994-0E8D-4CED-B4A0-0908104D9485}.Release|Any CPU.Build.0 = Release|Any CPU
		{0BA78994-0E8D-4CED-B4A0-0908104D9485}.Release|ARM.ActiveCfg = Release|Any CPU
		{0BA78994-0E8D-4CED-B4A0-0908104D9485}.Release|ARM.Build.0 = Release|Any CPU
		{0BA78994-0E8D-4CED-B4A0-0908104D9485}.Release|x64.ActiveCfg = Release|Any CPU
		{0BA78994-0E8D-4CED-B4A0-0908104D9485}.Release|x64.Build.0 = Release|Any CPU
		{0BA78994-0E8D-4CED-B4A0-0908104D9485}.Release|x86.ActiveCfg = Release|Any CPU
		{0BA78994-0E8D-4CED-B4A0-0908104D9485}.Release|x86.Build.0 = Release|Any CPU
		{40850D42-8636-4C6A-91FF-5234E6B97175}.Debug|Any CPU.ActiveCfg = Debug|Any CPU
		{40850D42-8636-4C6A-91FF-5234E6B97175}.Debug|Any CPU.Build.0 = Debug|Any CPU
		{40850D42-8636-4C6A-91FF-5234E6B97175}.Debug|ARM.ActiveCfg = Debug|Any CPU
		{40850D42-8636-4C6A-91FF-5234E6B97175}.Debug|ARM.Build.0 = Debug|Any CPU
		{40850D42-8636-4C6A-91FF-5234E6B97175}.Debug|x64.ActiveCfg = Debug|Any CPU
		{40850D42-8636-4C6A-91FF-5234E6B97175}.Debug|x64.Build.0 = Debug|Any CPU
		{40850D42-8636-4C6A-91FF-5234E6B97175}.Debug|x86.ActiveCfg = Debug|Any CPU
		{40850D42-8636-4C6A-91FF-5234E6B97175}.Debug|x86.Build.0 = Debug|Any CPU
		{40850D42-8636-4C6A-91FF-5234E6B97175}.Release|Any CPU.ActiveCfg = Release|Any CPU
		{40850D42-8636-4C6A-91FF-5234E6B97175}.Release|Any CPU.Build.0 = Release|Any CPU
		{40850D42-8636-4C6A-91FF-5234E6B97175}.Release|ARM.ActiveCfg = Release|Any CPU
		{40850D42-8636-4C6A-91FF-5234E6B97175}.Release|ARM.Build.0 = Release|Any CPU
		{40850D42-8636-4C6A-91FF-5234E6B97175}.Release|x64.ActiveCfg = Release|Any CPU
		{40850D42-8636-4C6A-91FF-5234E6B97175}.Release|x64.Build.0 = Release|Any CPU
		{40850D42-8636-4C6A-91FF-5234E6B97175}.Release|x86.ActiveCfg = Release|Any CPU
		{40850D42-8636-4C6A-91FF-5234E6B97175}.Release|x86.Build.0 = Release|Any CPU
	EndGlobalSection
	GlobalSection(SolutionProperties) = preSolution
		HideSolutionNode = FALSE
	EndGlobalSection
	GlobalSection(ExtensibilityGlobals) = postSolution
		SolutionGuid = {D9025F4D-FC7F-4089-8328-8070EC9690FF}
	EndGlobalSection
EndGlobal
